// !$*UTF8*$!
{
	archiveVersion = 1;
	classes = {
	};
	objectVersion = 51;
	objects = {

/* Begin PBXBuildFile section */
		101B3D9C8E887B88511D04A2 /* Pods_Hanzo_Dev.framework in Frameworks */ = {isa = PBXBuildFile; fileRef = 53ACBDE47D0A5600CF816070 /* Pods_Hanzo_Dev.framework */; };
		34FB9A9D1C50DC37C7DB0DE8 /* Pods_Hanzo.framework in Frameworks */ = {isa = PBXBuildFile; fileRef = BA192E778F942BEB74993DD2 /* Pods_Hanzo.framework */; };
		4C117CF22292243700C81D9E /* CustomImageView.swift in Sources */ = {isa = PBXBuildFile; fileRef = 4C117CF12292243700C81D9E /* CustomImageView.swift */; };
		4C117CF42292246F00C81D9E /* CustomString.swift in Sources */ = {isa = PBXBuildFile; fileRef = 4C117CF32292246F00C81D9E /* CustomString.swift */; };
		4C117CF52292247300C81D9E /* CustomString.swift in Sources */ = {isa = PBXBuildFile; fileRef = 4C117CF32292246F00C81D9E /* CustomString.swift */; };
		4C117CF62292247600C81D9E /* CustomImageView.swift in Sources */ = {isa = PBXBuildFile; fileRef = 4C117CF12292243700C81D9E /* CustomImageView.swift */; };
		4C117CF8229225DB00C81D9E /* CustomTableVIew.swift in Sources */ = {isa = PBXBuildFile; fileRef = 4C117CF7229225DB00C81D9E /* CustomTableVIew.swift */; };
		4C117CF9229225DB00C81D9E /* CustomTableVIew.swift in Sources */ = {isa = PBXBuildFile; fileRef = 4C117CF7229225DB00C81D9E /* CustomTableVIew.swift */; };
		4C117CFB22922D5200C81D9E /* CustomCollectionView.swift in Sources */ = {isa = PBXBuildFile; fileRef = 4C117CFA22922D5200C81D9E /* CustomCollectionView.swift */; };
		4C117CFC22922D5200C81D9E /* CustomCollectionView.swift in Sources */ = {isa = PBXBuildFile; fileRef = 4C117CFA22922D5200C81D9E /* CustomCollectionView.swift */; };
		4C117CFE22922D9000C81D9E /* UIButton.swift in Sources */ = {isa = PBXBuildFile; fileRef = 4C117CFD22922D9000C81D9E /* UIButton.swift */; };
		4C117CFF22922D9000C81D9E /* UIButton.swift in Sources */ = {isa = PBXBuildFile; fileRef = 4C117CFD22922D9000C81D9E /* UIButton.swift */; };
		4C117D0322922ECB00C81D9E /* CustomUIButton.swift in Sources */ = {isa = PBXBuildFile; fileRef = 4C117D0222922ECB00C81D9E /* CustomUIButton.swift */; };
		4C117D0422922ECB00C81D9E /* CustomUIButton.swift in Sources */ = {isa = PBXBuildFile; fileRef = 4C117D0222922ECB00C81D9E /* CustomUIButton.swift */; };
		4C117D0622922F5000C81D9E /* APPConstants.swift in Sources */ = {isa = PBXBuildFile; fileRef = 4C117D0522922F5000C81D9E /* APPConstants.swift */; };
		4C117D0722922F5000C81D9E /* APPConstants.swift in Sources */ = {isa = PBXBuildFile; fileRef = 4C117D0522922F5000C81D9E /* APPConstants.swift */; };
		4C179F8F23F96F6F008C9CD5 /* Repository.swift in Sources */ = {isa = PBXBuildFile; fileRef = 4C179F8E23F96F6F008C9CD5 /* Repository.swift */; };
		4C179F9023F96F6F008C9CD5 /* Repository.swift in Sources */ = {isa = PBXBuildFile; fileRef = 4C179F8E23F96F6F008C9CD5 /* Repository.swift */; };
		4C179F9923F974B5008C9CD5 /* PublicRepositoriesRepository.swift in Sources */ = {isa = PBXBuildFile; fileRef = 4C179F9823F974B4008C9CD5 /* PublicRepositoriesRepository.swift */; };
		4C179F9A23F974B5008C9CD5 /* PublicRepositoriesRepository.swift in Sources */ = {isa = PBXBuildFile; fileRef = 4C179F9823F974B4008C9CD5 /* PublicRepositoriesRepository.swift */; };
		4C179F9C23F9764F008C9CD5 /* Owner.swift in Sources */ = {isa = PBXBuildFile; fileRef = 4C179F9B23F9764F008C9CD5 /* Owner.swift */; };
		4C179F9D23F9764F008C9CD5 /* Owner.swift in Sources */ = {isa = PBXBuildFile; fileRef = 4C179F9B23F9764F008C9CD5 /* Owner.swift */; };
		4C179FA123F98080008C9CD5 /* UserRepository.swift in Sources */ = {isa = PBXBuildFile; fileRef = 4C179FA023F98080008C9CD5 /* UserRepository.swift */; };
		4C179FA223F98080008C9CD5 /* UserRepository.swift in Sources */ = {isa = PBXBuildFile; fileRef = 4C179FA023F98080008C9CD5 /* UserRepository.swift */; };
		4C179FA523F981C6008C9CD5 /* PublicRepositoryViewController.swift in Sources */ = {isa = PBXBuildFile; fileRef = 4C179FA323F981C6008C9CD5 /* PublicRepositoryViewController.swift */; };
		4C179FA623F981C6008C9CD5 /* PublicRepositoryViewController.swift in Sources */ = {isa = PBXBuildFile; fileRef = 4C179FA323F981C6008C9CD5 /* PublicRepositoryViewController.swift */; };
		4C179FA723F981C6008C9CD5 /* PublicRepositoryViewController.xib in Resources */ = {isa = PBXBuildFile; fileRef = 4C179FA423F981C6008C9CD5 /* PublicRepositoryViewController.xib */; };
		4C179FA823F981C6008C9CD5 /* PublicRepositoryViewController.xib in Resources */ = {isa = PBXBuildFile; fileRef = 4C179FA423F981C6008C9CD5 /* PublicRepositoryViewController.xib */; };
		4C179FAA23F981DB008C9CD5 /* PublicRespositoryViewModel.swift in Sources */ = {isa = PBXBuildFile; fileRef = 4C179FA923F981DB008C9CD5 /* PublicRespositoryViewModel.swift */; };
		4C179FAB23F981DB008C9CD5 /* PublicRespositoryViewModel.swift in Sources */ = {isa = PBXBuildFile; fileRef = 4C179FA923F981DB008C9CD5 /* PublicRespositoryViewModel.swift */; };
		4C179FB323F9B2D1008C9CD5 /* PublicRepositoryTableViewCell.swift in Sources */ = {isa = PBXBuildFile; fileRef = 4C179FB123F9B2D1008C9CD5 /* PublicRepositoryTableViewCell.swift */; };
		4C179FB423F9B2D1008C9CD5 /* PublicRepositoryTableViewCell.swift in Sources */ = {isa = PBXBuildFile; fileRef = 4C179FB123F9B2D1008C9CD5 /* PublicRepositoryTableViewCell.swift */; };
		4C179FB523F9B2D1008C9CD5 /* PublicRepositoryTableViewCell.xib in Resources */ = {isa = PBXBuildFile; fileRef = 4C179FB223F9B2D1008C9CD5 /* PublicRepositoryTableViewCell.xib */; };
		4C179FB623F9B2D1008C9CD5 /* PublicRepositoryTableViewCell.xib in Resources */ = {isa = PBXBuildFile; fileRef = 4C179FB223F9B2D1008C9CD5 /* PublicRepositoryTableViewCell.xib */; };
		4C179FB823F9B452008C9CD5 /* PublicRepositoryCellType.swift in Sources */ = {isa = PBXBuildFile; fileRef = 4C179FB723F9B452008C9CD5 /* PublicRepositoryCellType.swift */; };
		4C179FB923F9B452008C9CD5 /* PublicRepositoryCellType.swift in Sources */ = {isa = PBXBuildFile; fileRef = 4C179FB723F9B452008C9CD5 /* PublicRepositoryCellType.swift */; };
		4C179FBC23F9BA67008C9CD5 /* PublicRepositoryEmptyTableViewCell.swift in Sources */ = {isa = PBXBuildFile; fileRef = 4C179FBA23F9BA67008C9CD5 /* PublicRepositoryEmptyTableViewCell.swift */; };
		4C179FBD23F9BA67008C9CD5 /* PublicRepositoryEmptyTableViewCell.swift in Sources */ = {isa = PBXBuildFile; fileRef = 4C179FBA23F9BA67008C9CD5 /* PublicRepositoryEmptyTableViewCell.swift */; };
		4C179FBE23F9BA67008C9CD5 /* PublicRepositoryEmptyTableViewCell.xib in Resources */ = {isa = PBXBuildFile; fileRef = 4C179FBB23F9BA67008C9CD5 /* PublicRepositoryEmptyTableViewCell.xib */; };
		4C179FBF23F9BA67008C9CD5 /* PublicRepositoryEmptyTableViewCell.xib in Resources */ = {isa = PBXBuildFile; fileRef = 4C179FBB23F9BA67008C9CD5 /* PublicRepositoryEmptyTableViewCell.xib */; };
		4C179FC523F9C1E3008C9CD5 /* Localizable.strings in Resources */ = {isa = PBXBuildFile; fileRef = 4C179FC323F9C1E2008C9CD5 /* Localizable.strings */; };
		4C179FC623F9C1E3008C9CD5 /* Localizable.strings in Resources */ = {isa = PBXBuildFile; fileRef = 4C179FC323F9C1E2008C9CD5 /* Localizable.strings */; };
		4C179FC923F9C252008C9CD5 /* Cardozo-Info.plist in Resources */ = {isa = PBXBuildFile; fileRef = 4C179FC823F9C252008C9CD5 /* Cardozo-Info.plist */; };
		4C179FCA23F9C252008C9CD5 /* Cardozo-Info.plist in Resources */ = {isa = PBXBuildFile; fileRef = 4C179FC823F9C252008C9CD5 /* Cardozo-Info.plist */; };
		4C4CE7F8228CDE050094DA2A /* AppDelegate.swift in Sources */ = {isa = PBXBuildFile; fileRef = 4C4CE7F7228CDE050094DA2A /* AppDelegate.swift */; };
		4C4CE7FF228CDE070094DA2A /* Assets.xcassets in Resources */ = {isa = PBXBuildFile; fileRef = 4C4CE7FE228CDE070094DA2A /* Assets.xcassets */; };
		4C4CE802228CDE070094DA2A /* LaunchScreen.storyboard in Resources */ = {isa = PBXBuildFile; fileRef = 4C4CE800228CDE070094DA2A /* LaunchScreen.storyboard */; };
		4C4CE80C228CDEAF0094DA2A /* AppDelegate.swift in Sources */ = {isa = PBXBuildFile; fileRef = 4C4CE7F7228CDE050094DA2A /* AppDelegate.swift */; };
		4C4CE80F228CDEAF0094DA2A /* LaunchScreen.storyboard in Resources */ = {isa = PBXBuildFile; fileRef = 4C4CE800228CDE070094DA2A /* LaunchScreen.storyboard */; };
		4C4CE810228CDEAF0094DA2A /* Assets.xcassets in Resources */ = {isa = PBXBuildFile; fileRef = 4C4CE7FE228CDE070094DA2A /* Assets.xcassets */; };
		4C72C2822296123E00541456 /* CustomUIView.swift in Sources */ = {isa = PBXBuildFile; fileRef = 4C72C2812296123E00541456 /* CustomUIView.swift */; };
		4C72C2832296123E00541456 /* CustomUIView.swift in Sources */ = {isa = PBXBuildFile; fileRef = 4C72C2812296123E00541456 /* CustomUIView.swift */; };
		4C72C28622962E1D00541456 /* ErrorResponse.swift in Sources */ = {isa = PBXBuildFile; fileRef = 4C72C28522962E1D00541456 /* ErrorResponse.swift */; };
		4C72C28722962E1D00541456 /* ErrorResponse.swift in Sources */ = {isa = PBXBuildFile; fileRef = 4C72C28522962E1D00541456 /* ErrorResponse.swift */; };
		4C72C28E2296304200541456 /* CustomRepository.swift in Sources */ = {isa = PBXBuildFile; fileRef = 4C72C28D2296304200541456 /* CustomRepository.swift */; };
		4C72C28F2296304200541456 /* CustomRepository.swift in Sources */ = {isa = PBXBuildFile; fileRef = 4C72C28D2296304200541456 /* CustomRepository.swift */; };
		4C72C291229632C400541456 /* CustomResponse.swift in Sources */ = {isa = PBXBuildFile; fileRef = 4C72C290229632C400541456 /* CustomResponse.swift */; };
		4C72C292229632C400541456 /* CustomResponse.swift in Sources */ = {isa = PBXBuildFile; fileRef = 4C72C290229632C400541456 /* CustomResponse.swift */; };
		4CA19257228CE31300AD0B35 /* Cardozo-Dev-Info.plist in Resources */ = {isa = PBXBuildFile; fileRef = 4CA19256228CE31300AD0B35 /* Cardozo-Dev-Info.plist */; };
		4CA19266228CFFF700AD0B35 /* HomeViewController.swift in Sources */ = {isa = PBXBuildFile; fileRef = 4CA19264228CFFF700AD0B35 /* HomeViewController.swift */; };
		4CA19267228CFFF700AD0B35 /* HomeViewController.swift in Sources */ = {isa = PBXBuildFile; fileRef = 4CA19264228CFFF700AD0B35 /* HomeViewController.swift */; };
		4CA19268228CFFF700AD0B35 /* HomeViewController.xib in Resources */ = {isa = PBXBuildFile; fileRef = 4CA19265228CFFF700AD0B35 /* HomeViewController.xib */; };
		4CA19269228CFFF700AD0B35 /* HomeViewController.xib in Resources */ = {isa = PBXBuildFile; fileRef = 4CA19265228CFFF700AD0B35 /* HomeViewController.xib */; };
		4CA1926B228D001100AD0B35 /* HomeViewModel.swift in Sources */ = {isa = PBXBuildFile; fileRef = 4CA1926A228D001100AD0B35 /* HomeViewModel.swift */; };
		4CA1926C228D001100AD0B35 /* HomeViewModel.swift in Sources */ = {isa = PBXBuildFile; fileRef = 4CA1926A228D001100AD0B35 /* HomeViewModel.swift */; };
		4CA19270228D0CC200AD0B35 /* CustomViewController.swift in Sources */ = {isa = PBXBuildFile; fileRef = 4CA1926F228D0CC200AD0B35 /* CustomViewController.swift */; };
		4CA19271228D0CC200AD0B35 /* CustomViewController.swift in Sources */ = {isa = PBXBuildFile; fileRef = 4CA1926F228D0CC200AD0B35 /* CustomViewController.swift */; };
		4CA19273228D0E4E00AD0B35 /* CustomData.swift in Sources */ = {isa = PBXBuildFile; fileRef = 4CA19272228D0E4E00AD0B35 /* CustomData.swift */; };
		4CA19274228D0E4E00AD0B35 /* CustomData.swift in Sources */ = {isa = PBXBuildFile; fileRef = 4CA19272228D0E4E00AD0B35 /* CustomData.swift */; };
		4CA19276228D0E8900AD0B35 /* CustomColors.swift in Sources */ = {isa = PBXBuildFile; fileRef = 4CA19275228D0E8900AD0B35 /* CustomColors.swift */; };
		4CA19277228D0E8900AD0B35 /* CustomColors.swift in Sources */ = {isa = PBXBuildFile; fileRef = 4CA19275228D0E8900AD0B35 /* CustomColors.swift */; };
		4CA19279228D0F0C00AD0B35 /* CustomEncodable.swift in Sources */ = {isa = PBXBuildFile; fileRef = 4CA19278228D0F0C00AD0B35 /* CustomEncodable.swift */; };
		4CA1927A228D0F0C00AD0B35 /* CustomEncodable.swift in Sources */ = {isa = PBXBuildFile; fileRef = 4CA19278228D0F0C00AD0B35 /* CustomEncodable.swift */; };
		4CA19287228D0FD300AD0B35 /* APIConstants.swift in Sources */ = {isa = PBXBuildFile; fileRef = 4CA19286228D0FD300AD0B35 /* APIConstants.swift */; };
		4CA19288228D0FD300AD0B35 /* APIConstants.swift in Sources */ = {isa = PBXBuildFile; fileRef = 4CA19286228D0FD300AD0B35 /* APIConstants.swift */; };
/* End PBXBuildFile section */

/* Begin PBXFileReference section */
		1F5951FD9663BA7BE63C4685 /* Pods-Hanzo-Dev.debug.xcconfig */ = {isa = PBXFileReference; includeInIndex = 1; lastKnownFileType = text.xcconfig; name = "Pods-Hanzo-Dev.debug.xcconfig"; path = "Target Support Files/Pods-Hanzo-Dev/Pods-Hanzo-Dev.debug.xcconfig"; sourceTree = "<group>"; };
		2D874827D5A7B82364E6A298 /* Pods-Cardozo.debug.xcconfig */ = {isa = PBXFileReference; includeInIndex = 1; lastKnownFileType = text.xcconfig; name = "Pods-Cardozo.debug.xcconfig"; path = "Target Support Files/Pods-Cardozo/Pods-Cardozo.debug.xcconfig"; sourceTree = "<group>"; };
		4C117CF12292243700C81D9E /* CustomImageView.swift */ = {isa = PBXFileReference; lastKnownFileType = sourcecode.swift; path = CustomImageView.swift; sourceTree = "<group>"; };
		4C117CF32292246F00C81D9E /* CustomString.swift */ = {isa = PBXFileReference; lastKnownFileType = sourcecode.swift; path = CustomString.swift; sourceTree = "<group>"; };
		4C117CF7229225DB00C81D9E /* CustomTableVIew.swift */ = {isa = PBXFileReference; lastKnownFileType = sourcecode.swift; path = CustomTableVIew.swift; sourceTree = "<group>"; };
		4C117CFA22922D5200C81D9E /* CustomCollectionView.swift */ = {isa = PBXFileReference; lastKnownFileType = sourcecode.swift; path = CustomCollectionView.swift; sourceTree = "<group>"; };
		4C117CFD22922D9000C81D9E /* UIButton.swift */ = {isa = PBXFileReference; lastKnownFileType = sourcecode.swift; path = UIButton.swift; sourceTree = "<group>"; };
		4C117D0222922ECB00C81D9E /* CustomUIButton.swift */ = {isa = PBXFileReference; lastKnownFileType = sourcecode.swift; path = CustomUIButton.swift; sourceTree = "<group>"; };
		4C117D0522922F5000C81D9E /* APPConstants.swift */ = {isa = PBXFileReference; lastKnownFileType = sourcecode.swift; path = APPConstants.swift; sourceTree = "<group>"; };
		4C117D0F2292321C00C81D9E /* pt-BR */ = {isa = PBXFileReference; lastKnownFileType = text.plist.strings; name = "pt-BR"; path = "pt-BR.lproj/LaunchScreen.strings"; sourceTree = "<group>"; };
		4C179F8E23F96F6F008C9CD5 /* Repository.swift */ = {isa = PBXFileReference; lastKnownFileType = sourcecode.swift; path = Repository.swift; sourceTree = "<group>"; };
		4C179F9823F974B4008C9CD5 /* PublicRepositoriesRepository.swift */ = {isa = PBXFileReference; lastKnownFileType = sourcecode.swift; path = PublicRepositoriesRepository.swift; sourceTree = "<group>"; };
		4C179F9B23F9764F008C9CD5 /* Owner.swift */ = {isa = PBXFileReference; lastKnownFileType = sourcecode.swift; path = Owner.swift; sourceTree = "<group>"; };
		4C179FA023F98080008C9CD5 /* UserRepository.swift */ = {isa = PBXFileReference; lastKnownFileType = sourcecode.swift; path = UserRepository.swift; sourceTree = "<group>"; };
		4C179FA323F981C6008C9CD5 /* PublicRepositoryViewController.swift */ = {isa = PBXFileReference; lastKnownFileType = sourcecode.swift; path = PublicRepositoryViewController.swift; sourceTree = "<group>"; };
		4C179FA423F981C6008C9CD5 /* PublicRepositoryViewController.xib */ = {isa = PBXFileReference; lastKnownFileType = file.xib; path = PublicRepositoryViewController.xib; sourceTree = "<group>"; };
		4C179FA923F981DB008C9CD5 /* PublicRespositoryViewModel.swift */ = {isa = PBXFileReference; lastKnownFileType = sourcecode.swift; path = PublicRespositoryViewModel.swift; sourceTree = "<group>"; };
		4C179FB123F9B2D1008C9CD5 /* PublicRepositoryTableViewCell.swift */ = {isa = PBXFileReference; lastKnownFileType = sourcecode.swift; path = PublicRepositoryTableViewCell.swift; sourceTree = "<group>"; };
		4C179FB223F9B2D1008C9CD5 /* PublicRepositoryTableViewCell.xib */ = {isa = PBXFileReference; lastKnownFileType = file.xib; path = PublicRepositoryTableViewCell.xib; sourceTree = "<group>"; };
		4C179FB723F9B452008C9CD5 /* PublicRepositoryCellType.swift */ = {isa = PBXFileReference; lastKnownFileType = sourcecode.swift; path = PublicRepositoryCellType.swift; sourceTree = "<group>"; };
		4C179FBA23F9BA67008C9CD5 /* PublicRepositoryEmptyTableViewCell.swift */ = {isa = PBXFileReference; lastKnownFileType = sourcecode.swift; path = PublicRepositoryEmptyTableViewCell.swift; sourceTree = "<group>"; };
		4C179FBB23F9BA67008C9CD5 /* PublicRepositoryEmptyTableViewCell.xib */ = {isa = PBXFileReference; lastKnownFileType = file.xib; path = PublicRepositoryEmptyTableViewCell.xib; sourceTree = "<group>"; };
		4C179FC423F9C1E2008C9CD5 /* pt-BR */ = {isa = PBXFileReference; lastKnownFileType = text.plist.strings; name = "pt-BR"; path = "pt-BR.lproj/Localizable.strings"; sourceTree = "<group>"; };
		4C179FC823F9C252008C9CD5 /* Cardozo-Info.plist */ = {isa = PBXFileReference; fileEncoding = 4; lastKnownFileType = text.plist.xml; path = "Cardozo-Info.plist"; sourceTree = "<group>"; };
		4C4CE7F4228CDE050094DA2A /* Hanzo.app */ = {isa = PBXFileReference; explicitFileType = wrapper.application; includeInIndex = 0; path = Hanzo.app; sourceTree = BUILT_PRODUCTS_DIR; };
		4C4CE7F7228CDE050094DA2A /* AppDelegate.swift */ = {isa = PBXFileReference; lastKnownFileType = sourcecode.swift; path = AppDelegate.swift; sourceTree = "<group>"; };
		4C4CE7FE228CDE070094DA2A /* Assets.xcassets */ = {isa = PBXFileReference; lastKnownFileType = folder.assetcatalog; path = Assets.xcassets; sourceTree = "<group>"; };
		4C4CE801228CDE070094DA2A /* Base */ = {isa = PBXFileReference; lastKnownFileType = file.storyboard; name = Base; path = Base.lproj/LaunchScreen.storyboard; sourceTree = "<group>"; };
		4C4CE815228CDEAF0094DA2A /* Hanzo-Dev.app */ = {isa = PBXFileReference; explicitFileType = wrapper.application; includeInIndex = 0; path = "Hanzo-Dev.app"; sourceTree = BUILT_PRODUCTS_DIR; };
		4C72C2812296123E00541456 /* CustomUIView.swift */ = {isa = PBXFileReference; lastKnownFileType = sourcecode.swift; path = CustomUIView.swift; sourceTree = "<group>"; };
		4C72C28522962E1D00541456 /* ErrorResponse.swift */ = {isa = PBXFileReference; lastKnownFileType = sourcecode.swift; path = ErrorResponse.swift; sourceTree = "<group>"; };
		4C72C28D2296304200541456 /* CustomRepository.swift */ = {isa = PBXFileReference; lastKnownFileType = sourcecode.swift; path = CustomRepository.swift; sourceTree = "<group>"; };
		4C72C290229632C400541456 /* CustomResponse.swift */ = {isa = PBXFileReference; lastKnownFileType = sourcecode.swift; path = CustomResponse.swift; sourceTree = "<group>"; };
		4CA19256228CE31300AD0B35 /* Cardozo-Dev-Info.plist */ = {isa = PBXFileReference; fileEncoding = 4; lastKnownFileType = text.plist.xml; path = "Cardozo-Dev-Info.plist"; sourceTree = "<group>"; };
		4CA19264228CFFF700AD0B35 /* HomeViewController.swift */ = {isa = PBXFileReference; lastKnownFileType = sourcecode.swift; path = HomeViewController.swift; sourceTree = "<group>"; };
		4CA19265228CFFF700AD0B35 /* HomeViewController.xib */ = {isa = PBXFileReference; lastKnownFileType = file.xib; path = HomeViewController.xib; sourceTree = "<group>"; };
		4CA1926A228D001100AD0B35 /* HomeViewModel.swift */ = {isa = PBXFileReference; lastKnownFileType = sourcecode.swift; path = HomeViewModel.swift; sourceTree = "<group>"; };
		4CA1926F228D0CC200AD0B35 /* CustomViewController.swift */ = {isa = PBXFileReference; lastKnownFileType = sourcecode.swift; path = CustomViewController.swift; sourceTree = "<group>"; };
		4CA19272228D0E4E00AD0B35 /* CustomData.swift */ = {isa = PBXFileReference; lastKnownFileType = sourcecode.swift; path = CustomData.swift; sourceTree = "<group>"; };
		4CA19275228D0E8900AD0B35 /* CustomColors.swift */ = {isa = PBXFileReference; lastKnownFileType = sourcecode.swift; path = CustomColors.swift; sourceTree = "<group>"; };
		4CA19278228D0F0C00AD0B35 /* CustomEncodable.swift */ = {isa = PBXFileReference; lastKnownFileType = sourcecode.swift; path = CustomEncodable.swift; sourceTree = "<group>"; };
		4CA19286228D0FD300AD0B35 /* APIConstants.swift */ = {isa = PBXFileReference; lastKnownFileType = sourcecode.swift; path = APIConstants.swift; sourceTree = "<group>"; };
		53ACBDE47D0A5600CF816070 /* Pods_Hanzo_Dev.framework */ = {isa = PBXFileReference; explicitFileType = wrapper.framework; includeInIndex = 0; path = Pods_Hanzo_Dev.framework; sourceTree = BUILT_PRODUCTS_DIR; };
		8DD32B6BA066ABF2319CB234 /* Pods-Hanzo.debug.xcconfig */ = {isa = PBXFileReference; includeInIndex = 1; lastKnownFileType = text.xcconfig; name = "Pods-Hanzo.debug.xcconfig"; path = "Target Support Files/Pods-Hanzo/Pods-Hanzo.debug.xcconfig"; sourceTree = "<group>"; };
		9C1DA7B1006AD58AC321B385 /* Pods-Hanzo.release.xcconfig */ = {isa = PBXFileReference; includeInIndex = 1; lastKnownFileType = text.xcconfig; name = "Pods-Hanzo.release.xcconfig"; path = "Target Support Files/Pods-Hanzo/Pods-Hanzo.release.xcconfig"; sourceTree = "<group>"; };
		B8A2320A2B13C4BAFE114C05 /* Pods-Cardozo-Dev.debug.xcconfig */ = {isa = PBXFileReference; includeInIndex = 1; lastKnownFileType = text.xcconfig; name = "Pods-Cardozo-Dev.debug.xcconfig"; path = "Target Support Files/Pods-Cardozo-Dev/Pods-Cardozo-Dev.debug.xcconfig"; sourceTree = "<group>"; };
		BA192E778F942BEB74993DD2 /* Pods_Hanzo.framework */ = {isa = PBXFileReference; explicitFileType = wrapper.framework; includeInIndex = 0; path = Pods_Hanzo.framework; sourceTree = BUILT_PRODUCTS_DIR; };
		BA7E985CC898C3354D6D1331 /* Pods-Hanzo-Dev.release.xcconfig */ = {isa = PBXFileReference; includeInIndex = 1; lastKnownFileType = text.xcconfig; name = "Pods-Hanzo-Dev.release.xcconfig"; path = "Target Support Files/Pods-Hanzo-Dev/Pods-Hanzo-Dev.release.xcconfig"; sourceTree = "<group>"; };
		C81274089966A390A72BA925 /* Pods-Cardozo-Dev.release.xcconfig */ = {isa = PBXFileReference; includeInIndex = 1; lastKnownFileType = text.xcconfig; name = "Pods-Cardozo-Dev.release.xcconfig"; path = "Target Support Files/Pods-Cardozo-Dev/Pods-Cardozo-Dev.release.xcconfig"; sourceTree = "<group>"; };
		E9F5922F69D6B4D8F568527B /* Pods-Cardozo.release.xcconfig */ = {isa = PBXFileReference; includeInIndex = 1; lastKnownFileType = text.xcconfig; name = "Pods-Cardozo.release.xcconfig"; path = "Target Support Files/Pods-Cardozo/Pods-Cardozo.release.xcconfig"; sourceTree = "<group>"; };
/* End PBXFileReference section */

/* Begin PBXFrameworksBuildPhase section */
		4C4CE7F1228CDE050094DA2A /* Frameworks */ = {
			isa = PBXFrameworksBuildPhase;
			buildActionMask = 2147483647;
			files = (
				34FB9A9D1C50DC37C7DB0DE8 /* Pods_Hanzo.framework in Frameworks */,
			);
			runOnlyForDeploymentPostprocessing = 0;
		};
		4C4CE80D228CDEAF0094DA2A /* Frameworks */ = {
			isa = PBXFrameworksBuildPhase;
			buildActionMask = 2147483647;
			files = (
				101B3D9C8E887B88511D04A2 /* Pods_Hanzo_Dev.framework in Frameworks */,
			);
			runOnlyForDeploymentPostprocessing = 0;
		};
/* End PBXFrameworksBuildPhase section */

/* Begin PBXGroup section */
		4C117D0022922E5D00C81D9E /* CustomComponents */ = {
			isa = PBXGroup;
			children = (
				4C72C2802296122200541456 /* CustomUIView */,
				4C117D0122922EA600C81D9E /* CustomUIButton */,
			);
			path = CustomComponents;
			sourceTree = "<group>";
		};
		4C117D0122922EA600C81D9E /* CustomUIButton */ = {
			isa = PBXGroup;
			children = (
				4C117D0222922ECB00C81D9E /* CustomUIButton.swift */,
			);
			path = CustomUIButton;
			sourceTree = "<group>";
		};
		4C117D0922922FC700C81D9E /* Models */ = {
			isa = PBXGroup;
			children = (
				4C72C28422962DDC00541456 /* Common */,
			);
			path = Models;
			sourceTree = "<group>";
		};
		4C179F8923F96F20008C9CD5 /* PublicRespositories */ = {
			isa = PBXGroup;
			children = (
				4C179FB023F9B2AF008C9CD5 /* ViewCell */,
				4C179F8C23F96F4A008C9CD5 /* ViewController */,
				4C179F8D23F96F54008C9CD5 /* ViewModel */,
				4C179F8A23F96F33008C9CD5 /* Model */,
				4C179F9723F97457008C9CD5 /* Network */,
			);
			path = PublicRespositories;
			sourceTree = "<group>";
		};
		4C179F8A23F96F33008C9CD5 /* Model */ = {
			isa = PBXGroup;
			children = (
				4C179F8E23F96F6F008C9CD5 /* Repository.swift */,
				4C179FB723F9B452008C9CD5 /* PublicRepositoryCellType.swift */,
			);
			path = Model;
			sourceTree = "<group>";
		};
		4C179F8C23F96F4A008C9CD5 /* ViewController */ = {
			isa = PBXGroup;
			children = (
				4C179FA323F981C6008C9CD5 /* PublicRepositoryViewController.swift */,
				4C179FA423F981C6008C9CD5 /* PublicRepositoryViewController.xib */,
			);
			path = ViewController;
			sourceTree = "<group>";
		};
		4C179F8D23F96F54008C9CD5 /* ViewModel */ = {
			isa = PBXGroup;
			children = (
				4C179FA923F981DB008C9CD5 /* PublicRespositoryViewModel.swift */,
			);
			path = ViewModel;
			sourceTree = "<group>";
		};
		4C179F9123F96F8E008C9CD5 /* Owner */ = {
			isa = PBXGroup;
			children = (
				4C179F9323F97404008C9CD5 /* ViewController */,
				4C179F9523F97419008C9CD5 /* ViewModel */,
				4C179F9223F973FF008C9CD5 /* Model */,
				4C179F9623F9744A008C9CD5 /* Network */,
			);
			path = Owner;
			sourceTree = "<group>";
		};
		4C179F9223F973FF008C9CD5 /* Model */ = {
			isa = PBXGroup;
			children = (
				4C179F9B23F9764F008C9CD5 /* Owner.swift */,
			);
			path = Model;
			sourceTree = "<group>";
		};
		4C179F9323F97404008C9CD5 /* ViewController */ = {
			isa = PBXGroup;
			children = (
			);
			path = ViewController;
			sourceTree = "<group>";
		};
		4C179F9523F97419008C9CD5 /* ViewModel */ = {
			isa = PBXGroup;
			children = (
			);
			path = ViewModel;
			sourceTree = "<group>";
		};
		4C179F9623F9744A008C9CD5 /* Network */ = {
			isa = PBXGroup;
			children = (
			);
			path = Network;
			sourceTree = "<group>";
		};
		4C179F9723F97457008C9CD5 /* Network */ = {
			isa = PBXGroup;
			children = (
				4C179F9823F974B4008C9CD5 /* PublicRepositoriesRepository.swift */,
			);
			path = Network;
			sourceTree = "<group>";
		};
		4C179F9E23F98057008C9CD5 /* UserRepositories */ = {
			isa = PBXGroup;
			children = (
				4C179FAC23F98291008C9CD5 /* ViewController */,
				4C179FAE23F982A5008C9CD5 /* ViewModel */,
				4C179F9F23F98062008C9CD5 /* Model */,
				4C179FAF23F98317008C9CD5 /* Network */,
			);
			path = UserRepositories;
			sourceTree = "<group>";
		};
		4C179F9F23F98062008C9CD5 /* Model */ = {
			isa = PBXGroup;
			children = (
				4C179FA023F98080008C9CD5 /* UserRepository.swift */,
			);
			path = Model;
			sourceTree = "<group>";
		};
		4C179FAC23F98291008C9CD5 /* ViewController */ = {
			isa = PBXGroup;
			children = (
			);
			path = ViewController;
			sourceTree = "<group>";
		};
		4C179FAE23F982A5008C9CD5 /* ViewModel */ = {
			isa = PBXGroup;
			children = (
			);
			path = ViewModel;
			sourceTree = "<group>";
		};
		4C179FAF23F98317008C9CD5 /* Network */ = {
			isa = PBXGroup;
			children = (
			);
			path = Network;
			sourceTree = "<group>";
		};
		4C179FB023F9B2AF008C9CD5 /* ViewCell */ = {
			isa = PBXGroup;
			children = (
				4C179FB123F9B2D1008C9CD5 /* PublicRepositoryTableViewCell.swift */,
				4C179FB223F9B2D1008C9CD5 /* PublicRepositoryTableViewCell.xib */,
				4C179FBA23F9BA67008C9CD5 /* PublicRepositoryEmptyTableViewCell.swift */,
				4C179FBB23F9BA67008C9CD5 /* PublicRepositoryEmptyTableViewCell.xib */,
			);
			path = ViewCell;
			sourceTree = "<group>";
		};
		4C179FC723F9C1E8008C9CD5 /* Strings */ = {
			isa = PBXGroup;
			children = (
				4C179FC323F9C1E2008C9CD5 /* Localizable.strings */,
			);
			path = Strings;
			sourceTree = "<group>";
		};
		4C4CE7EB228CDE050094DA2A = {
			isa = PBXGroup;
			children = (
				4C4CE7F6228CDE050094DA2A /* Cardozo */,
				4C4CE7F5228CDE050094DA2A /* Products */,
				91738310EF6068A6D46A0127 /* Pods */,
				BAA399CF93BCD9302EF3E2AF /* Frameworks */,
			);
			sourceTree = "<group>";
		};
		4C4CE7F5228CDE050094DA2A /* Products */ = {
			isa = PBXGroup;
			children = (
				4C4CE7F4228CDE050094DA2A /* Hanzo.app */,
				4C4CE815228CDEAF0094DA2A /* Hanzo-Dev.app */,
			);
			name = Products;
			sourceTree = "<group>";
		};
		4C4CE7F6228CDE050094DA2A /* Cardozo */ = {
			isa = PBXGroup;
			children = (
				4C179FC723F9C1E8008C9CD5 /* Strings */,
				4CA1926D228D0C7D00AD0B35 /* Utils */,
				4C4CE7F7228CDE050094DA2A /* AppDelegate.swift */,
				4C4CE7FE228CDE070094DA2A /* Assets.xcassets */,
				4C4CE800228CDE070094DA2A /* LaunchScreen.storyboard */,
				4CA1925B228CE35E00AD0B35 /* Data */,
				4CA19259228CE33A00AD0B35 /* InfoPLists */,
				4CA1925A228CE35400AD0B35 /* Views */,
			);
			path = Cardozo;
			sourceTree = "<group>";
		};
		4C72C2802296122200541456 /* CustomUIView */ = {
			isa = PBXGroup;
			children = (
				4C72C2812296123E00541456 /* CustomUIView.swift */,
			);
			path = CustomUIView;
			sourceTree = "<group>";
		};
		4C72C28422962DDC00541456 /* Common */ = {
			isa = PBXGroup;
			children = (
				4C72C28522962E1D00541456 /* ErrorResponse.swift */,
			);
			path = Common;
			sourceTree = "<group>";
		};
		4C72C28C2296302800541456 /* CustomClasses */ = {
			isa = PBXGroup;
			children = (
				4C72C28D2296304200541456 /* CustomRepository.swift */,
			);
			path = CustomClasses;
			sourceTree = "<group>";
		};
		4CA19259228CE33A00AD0B35 /* InfoPLists */ = {
			isa = PBXGroup;
			children = (
				4C179FC823F9C252008C9CD5 /* Cardozo-Info.plist */,
				4CA19256228CE31300AD0B35 /* Cardozo-Dev-Info.plist */,
			);
			path = InfoPLists;
			sourceTree = "<group>";
		};
		4CA1925A228CE35400AD0B35 /* Views */ = {
			isa = PBXGroup;
			children = (
				4C179F9E23F98057008C9CD5 /* UserRepositories */,
				4C179F9123F96F8E008C9CD5 /* Owner */,
				4C179F8923F96F20008C9CD5 /* PublicRespositories */,
				4CA1925C228CE36700AD0B35 /* Home */,
			);
			path = Views;
			sourceTree = "<group>";
		};
		4CA1925B228CE35E00AD0B35 /* Data */ = {
			isa = PBXGroup;
			children = (
				4C117D0922922FC700C81D9E /* Models */,
			);
			path = Data;
			sourceTree = "<group>";
		};
		4CA1925C228CE36700AD0B35 /* Home */ = {
			isa = PBXGroup;
			children = (
				4CA1925E228CE37700AD0B35 /* ViewController */,
				4CA1925D228CE36D00AD0B35 /* ViewModel */,
			);
			path = Home;
			sourceTree = "<group>";
		};
		4CA1925D228CE36D00AD0B35 /* ViewModel */ = {
			isa = PBXGroup;
			children = (
				4CA1926A228D001100AD0B35 /* HomeViewModel.swift */,
			);
			path = ViewModel;
			sourceTree = "<group>";
		};
		4CA1925E228CE37700AD0B35 /* ViewController */ = {
			isa = PBXGroup;
			children = (
				4CA19264228CFFF700AD0B35 /* HomeViewController.swift */,
				4CA19265228CFFF700AD0B35 /* HomeViewController.xib */,
			);
			path = ViewController;
			sourceTree = "<group>";
		};
		4CA1926D228D0C7D00AD0B35 /* Utils */ = {
			isa = PBXGroup;
			children = (
				4C72C28C2296302800541456 /* CustomClasses */,
				4C117D0022922E5D00C81D9E /* CustomComponents */,
				4CA19285228D0FB900AD0B35 /* Constants */,
				4CA1926E228D0C8400AD0B35 /* Extensions */,
			);
			path = Utils;
			sourceTree = "<group>";
		};
		4CA1926E228D0C8400AD0B35 /* Extensions */ = {
			isa = PBXGroup;
			children = (
				4CA1926F228D0CC200AD0B35 /* CustomViewController.swift */,
				4CA19272228D0E4E00AD0B35 /* CustomData.swift */,
				4CA19275228D0E8900AD0B35 /* CustomColors.swift */,
				4CA19278228D0F0C00AD0B35 /* CustomEncodable.swift */,
				4C117CF12292243700C81D9E /* CustomImageView.swift */,
				4C117CF32292246F00C81D9E /* CustomString.swift */,
				4C117CF7229225DB00C81D9E /* CustomTableVIew.swift */,
				4C117CFA22922D5200C81D9E /* CustomCollectionView.swift */,
				4C117CFD22922D9000C81D9E /* UIButton.swift */,
				4C72C290229632C400541456 /* CustomResponse.swift */,
			);
			path = Extensions;
			sourceTree = "<group>";
		};
		4CA19285228D0FB900AD0B35 /* Constants */ = {
			isa = PBXGroup;
			children = (
				4CA19286228D0FD300AD0B35 /* APIConstants.swift */,
				4C117D0522922F5000C81D9E /* APPConstants.swift */,
			);
			path = Constants;
			sourceTree = "<group>";
		};
		91738310EF6068A6D46A0127 /* Pods */ = {
			isa = PBXGroup;
			children = (
				2D874827D5A7B82364E6A298 /* Pods-Cardozo.debug.xcconfig */,
				E9F5922F69D6B4D8F568527B /* Pods-Cardozo.release.xcconfig */,
				B8A2320A2B13C4BAFE114C05 /* Pods-Cardozo-Dev.debug.xcconfig */,
				C81274089966A390A72BA925 /* Pods-Cardozo-Dev.release.xcconfig */,
				8DD32B6BA066ABF2319CB234 /* Pods-Hanzo.debug.xcconfig */,
				9C1DA7B1006AD58AC321B385 /* Pods-Hanzo.release.xcconfig */,
				1F5951FD9663BA7BE63C4685 /* Pods-Hanzo-Dev.debug.xcconfig */,
				BA7E985CC898C3354D6D1331 /* Pods-Hanzo-Dev.release.xcconfig */,
			);
			path = Pods;
			sourceTree = "<group>";
		};
		BAA399CF93BCD9302EF3E2AF /* Frameworks */ = {
			isa = PBXGroup;
			children = (
				BA192E778F942BEB74993DD2 /* Pods_Hanzo.framework */,
				53ACBDE47D0A5600CF816070 /* Pods_Hanzo_Dev.framework */,
			);
			name = Frameworks;
			sourceTree = "<group>";
		};
/* End PBXGroup section */

/* Begin PBXNativeTarget section */
		4C4CE7F3228CDE050094DA2A /* Hanzo */ = {
			isa = PBXNativeTarget;
			buildConfigurationList = 4C4CE806228CDE070094DA2A /* Build configuration list for PBXNativeTarget "Hanzo" */;
			buildPhases = (
				7DD3EFB9B706B83EAEFBB0F2 /* [CP] Check Pods Manifest.lock */,
				4C4CE7F0228CDE050094DA2A /* Sources */,
				4C4CE7F1228CDE050094DA2A /* Frameworks */,
				4C4CE7F2228CDE050094DA2A /* Resources */,
				CA79D318E9A0102C0484E18E /* [CP] Embed Pods Frameworks */,
			);
			buildRules = (
			);
			dependencies = (
			);
			name = Hanzo;
			productName = "IOS-Base";
			productReference = 4C4CE7F4228CDE050094DA2A /* Hanzo.app */;
			productType = "com.apple.product-type.application";
		};
		4C4CE809228CDEAF0094DA2A /* Hanzo-Dev */ = {
			isa = PBXNativeTarget;
			buildConfigurationList = 4C4CE812228CDEAF0094DA2A /* Build configuration list for PBXNativeTarget "Hanzo-Dev" */;
			buildPhases = (
				7A31BAAB70347A2C0C1F3824 /* [CP] Check Pods Manifest.lock */,
				4C4CE80A228CDEAF0094DA2A /* Sources */,
				4C4CE80D228CDEAF0094DA2A /* Frameworks */,
				4C4CE80E228CDEAF0094DA2A /* Resources */,
				DCF053B84A765700EE0E1AB6 /* [CP] Embed Pods Frameworks */,
			);
			buildRules = (
			);
			dependencies = (
			);
			name = "Hanzo-Dev";
			productName = "IOS-Base";
			productReference = 4C4CE815228CDEAF0094DA2A /* Hanzo-Dev.app */;
			productType = "com.apple.product-type.application";
		};
/* End PBXNativeTarget section */

/* Begin PBXProject section */
		4C4CE7EC228CDE050094DA2A /* Project object */ = {
			isa = PBXProject;
			attributes = {
				LastSwiftUpdateCheck = 1020;
				LastUpgradeCheck = 1120;
				ORGANIZATIONNAME = CaioCardozo;
				TargetAttributes = {
					4C4CE7F3228CDE050094DA2A = {
						CreatedOnToolsVersion = 10.2.1;
					};
				};
			};
			buildConfigurationList = 4C4CE7EF228CDE050094DA2A /* Build configuration list for PBXProject "Desafio Hanzo" */;
			compatibilityVersion = "Xcode 9.3";
			developmentRegion = en;
			hasScannedForEncodings = 0;
			knownRegions = (
				en,
				Base,
				"pt-BR",
			);
			mainGroup = 4C4CE7EB228CDE050094DA2A;
			productRefGroup = 4C4CE7F5228CDE050094DA2A /* Products */;
			projectDirPath = "";
			projectRoot = "";
			targets = (
				4C4CE7F3228CDE050094DA2A /* Hanzo */,
				4C4CE809228CDEAF0094DA2A /* Hanzo-Dev */,
			);
		};
/* End PBXProject section */

/* Begin PBXResourcesBuildPhase section */
		4C4CE7F2228CDE050094DA2A /* Resources */ = {
			isa = PBXResourcesBuildPhase;
			buildActionMask = 2147483647;
			files = (
				4C179FB523F9B2D1008C9CD5 /* PublicRepositoryTableViewCell.xib in Resources */,
				4C4CE802228CDE070094DA2A /* LaunchScreen.storyboard in Resources */,
				4C179FA723F981C6008C9CD5 /* PublicRepositoryViewController.xib in Resources */,
				4C4CE7FF228CDE070094DA2A /* Assets.xcassets in Resources */,
				4C179FC923F9C252008C9CD5 /* Cardozo-Info.plist in Resources */,
				4C179FBE23F9BA67008C9CD5 /* PublicRepositoryEmptyTableViewCell.xib in Resources */,
				4C179FC523F9C1E3008C9CD5 /* Localizable.strings in Resources */,
				4CA19257228CE31300AD0B35 /* Cardozo-Dev-Info.plist in Resources */,
				4CA19268228CFFF700AD0B35 /* HomeViewController.xib in Resources */,
			);
			runOnlyForDeploymentPostprocessing = 0;
		};
		4C4CE80E228CDEAF0094DA2A /* Resources */ = {
			isa = PBXResourcesBuildPhase;
			buildActionMask = 2147483647;
			files = (
				4C4CE80F228CDEAF0094DA2A /* LaunchScreen.storyboard in Resources */,
				4C179FB623F9B2D1008C9CD5 /* PublicRepositoryTableViewCell.xib in Resources */,
				4C179FBF23F9BA67008C9CD5 /* PublicRepositoryEmptyTableViewCell.xib in Resources */,
				4C179FC623F9C1E3008C9CD5 /* Localizable.strings in Resources */,
				4C179FA823F981C6008C9CD5 /* PublicRepositoryViewController.xib in Resources */,
				4C4CE810228CDEAF0094DA2A /* Assets.xcassets in Resources */,
				4CA19269228CFFF700AD0B35 /* HomeViewController.xib in Resources */,
				4C179FCA23F9C252008C9CD5 /* Cardozo-Info.plist in Resources */,
			);
			runOnlyForDeploymentPostprocessing = 0;
		};
/* End PBXResourcesBuildPhase section */

/* Begin PBXShellScriptBuildPhase section */
		7A31BAAB70347A2C0C1F3824 /* [CP] Check Pods Manifest.lock */ = {
			isa = PBXShellScriptBuildPhase;
			buildActionMask = 2147483647;
			files = (
			);
			inputFileListPaths = (
			);
			inputPaths = (
				"${PODS_PODFILE_DIR_PATH}/Podfile.lock",
				"${PODS_ROOT}/Manifest.lock",
			);
			name = "[CP] Check Pods Manifest.lock";
			outputFileListPaths = (
			);
			outputPaths = (
				"$(DERIVED_FILE_DIR)/Pods-Hanzo-Dev-checkManifestLockResult.txt",
			);
			runOnlyForDeploymentPostprocessing = 0;
			shellPath = /bin/sh;
			shellScript = "diff \"${PODS_PODFILE_DIR_PATH}/Podfile.lock\" \"${PODS_ROOT}/Manifest.lock\" > /dev/null\nif [ $? != 0 ] ; then\n    # print error to STDERR\n    echo \"error: The sandbox is not in sync with the Podfile.lock. Run 'pod install' or update your CocoaPods installation.\" >&2\n    exit 1\nfi\n# This output is used by Xcode 'outputs' to avoid re-running this script phase.\necho \"SUCCESS\" > \"${SCRIPT_OUTPUT_FILE_0}\"\n";
			showEnvVarsInLog = 0;
		};
		7DD3EFB9B706B83EAEFBB0F2 /* [CP] Check Pods Manifest.lock */ = {
			isa = PBXShellScriptBuildPhase;
			buildActionMask = 2147483647;
			files = (
			);
			inputFileListPaths = (
			);
			inputPaths = (
				"${PODS_PODFILE_DIR_PATH}/Podfile.lock",
				"${PODS_ROOT}/Manifest.lock",
			);
			name = "[CP] Check Pods Manifest.lock";
			outputFileListPaths = (
			);
			outputPaths = (
				"$(DERIVED_FILE_DIR)/Pods-Hanzo-checkManifestLockResult.txt",
			);
			runOnlyForDeploymentPostprocessing = 0;
			shellPath = /bin/sh;
			shellScript = "diff \"${PODS_PODFILE_DIR_PATH}/Podfile.lock\" \"${PODS_ROOT}/Manifest.lock\" > /dev/null\nif [ $? != 0 ] ; then\n    # print error to STDERR\n    echo \"error: The sandbox is not in sync with the Podfile.lock. Run 'pod install' or update your CocoaPods installation.\" >&2\n    exit 1\nfi\n# This output is used by Xcode 'outputs' to avoid re-running this script phase.\necho \"SUCCESS\" > \"${SCRIPT_OUTPUT_FILE_0}\"\n";
			showEnvVarsInLog = 0;
		};
		CA79D318E9A0102C0484E18E /* [CP] Embed Pods Frameworks */ = {
			isa = PBXShellScriptBuildPhase;
			buildActionMask = 2147483647;
			files = (
			);
			inputFileListPaths = (
				"${PODS_ROOT}/Target Support Files/Pods-Hanzo/Pods-Hanzo-frameworks-${CONFIGURATION}-input-files.xcfilelist",
			);
			name = "[CP] Embed Pods Frameworks";
			outputFileListPaths = (
				"${PODS_ROOT}/Target Support Files/Pods-Hanzo/Pods-Hanzo-frameworks-${CONFIGURATION}-output-files.xcfilelist",
			);
			runOnlyForDeploymentPostprocessing = 0;
			shellPath = /bin/sh;
			shellScript = "\"${PODS_ROOT}/Target Support Files/Pods-Hanzo/Pods-Hanzo-frameworks.sh\"\n";
			showEnvVarsInLog = 0;
		};
		DCF053B84A765700EE0E1AB6 /* [CP] Embed Pods Frameworks */ = {
			isa = PBXShellScriptBuildPhase;
			buildActionMask = 2147483647;
			files = (
			);
			inputFileListPaths = (
				"${PODS_ROOT}/Target Support Files/Pods-Hanzo-Dev/Pods-Hanzo-Dev-frameworks-${CONFIGURATION}-input-files.xcfilelist",
			);
			name = "[CP] Embed Pods Frameworks";
			outputFileListPaths = (
				"${PODS_ROOT}/Target Support Files/Pods-Hanzo-Dev/Pods-Hanzo-Dev-frameworks-${CONFIGURATION}-output-files.xcfilelist",
			);
			runOnlyForDeploymentPostprocessing = 0;
			shellPath = /bin/sh;
			shellScript = "\"${PODS_ROOT}/Target Support Files/Pods-Hanzo-Dev/Pods-Hanzo-Dev-frameworks.sh\"\n";
			showEnvVarsInLog = 0;
		};
/* End PBXShellScriptBuildPhase section */

/* Begin PBXSourcesBuildPhase section */
		4C4CE7F0228CDE050094DA2A /* Sources */ = {
			isa = PBXSourcesBuildPhase;
			buildActionMask = 2147483647;
			files = (
				4C179F9923F974B5008C9CD5 /* PublicRepositoriesRepository.swift in Sources */,
				4C72C291229632C400541456 /* CustomResponse.swift in Sources */,
				4C179FB323F9B2D1008C9CD5 /* PublicRepositoryTableViewCell.swift in Sources */,
				4C117CFB22922D5200C81D9E /* CustomCollectionView.swift in Sources */,
				4C72C2822296123E00541456 /* CustomUIView.swift in Sources */,
				4C4CE7F8228CDE050094DA2A /* AppDelegate.swift in Sources */,
				4C117CF22292243700C81D9E /* CustomImageView.swift in Sources */,
				4C117D0622922F5000C81D9E /* APPConstants.swift in Sources */,
				4C117CFE22922D9000C81D9E /* UIButton.swift in Sources */,
				4CA19287228D0FD300AD0B35 /* APIConstants.swift in Sources */,
				4C72C28622962E1D00541456 /* ErrorResponse.swift in Sources */,
				4C117CF8229225DB00C81D9E /* CustomTableVIew.swift in Sources */,
				4CA19266228CFFF700AD0B35 /* HomeViewController.swift in Sources */,
				4C179FB823F9B452008C9CD5 /* PublicRepositoryCellType.swift in Sources */,
				4C117D0322922ECB00C81D9E /* CustomUIButton.swift in Sources */,
				4C179FA523F981C6008C9CD5 /* PublicRepositoryViewController.swift in Sources */,
				4C179FBC23F9BA67008C9CD5 /* PublicRepositoryEmptyTableViewCell.swift in Sources */,
				4C179FA123F98080008C9CD5 /* UserRepository.swift in Sources */,
				4CA1926B228D001100AD0B35 /* HomeViewModel.swift in Sources */,
				4CA19270228D0CC200AD0B35 /* CustomViewController.swift in Sources */,
				4CA19279228D0F0C00AD0B35 /* CustomEncodable.swift in Sources */,
				4C117CF42292246F00C81D9E /* CustomString.swift in Sources */,
				4CA19276228D0E8900AD0B35 /* CustomColors.swift in Sources */,
				4C179F8F23F96F6F008C9CD5 /* Repository.swift in Sources */,
				4C179F9C23F9764F008C9CD5 /* Owner.swift in Sources */,
				4CA19273228D0E4E00AD0B35 /* CustomData.swift in Sources */,
				4C72C28E2296304200541456 /* CustomRepository.swift in Sources */,
				4C179FAA23F981DB008C9CD5 /* PublicRespositoryViewModel.swift in Sources */,
			);
			runOnlyForDeploymentPostprocessing = 0;
		};
		4C4CE80A228CDEAF0094DA2A /* Sources */ = {
			isa = PBXSourcesBuildPhase;
			buildActionMask = 2147483647;
			files = (
				4C179F9A23F974B5008C9CD5 /* PublicRepositoriesRepository.swift in Sources */,
				4C72C292229632C400541456 /* CustomResponse.swift in Sources */,
				4C179FB423F9B2D1008C9CD5 /* PublicRepositoryTableViewCell.swift in Sources */,
				4C117CFC22922D5200C81D9E /* CustomCollectionView.swift in Sources */,
				4C72C2832296123E00541456 /* CustomUIView.swift in Sources */,
				4C4CE80C228CDEAF0094DA2A /* AppDelegate.swift in Sources */,
				4CA19288228D0FD300AD0B35 /* APIConstants.swift in Sources */,
				4C117D0722922F5000C81D9E /* APPConstants.swift in Sources */,
				4C117CFF22922D9000C81D9E /* UIButton.swift in Sources */,
				4CA19267228CFFF700AD0B35 /* HomeViewController.swift in Sources */,
				4C72C28722962E1D00541456 /* ErrorResponse.swift in Sources */,
				4C117CF9229225DB00C81D9E /* CustomTableVIew.swift in Sources */,
				4CA1926C228D001100AD0B35 /* HomeViewModel.swift in Sources */,
				4C179FB923F9B452008C9CD5 /* PublicRepositoryCellType.swift in Sources */,
				4C117D0422922ECB00C81D9E /* CustomUIButton.swift in Sources */,
				4C179FA623F981C6008C9CD5 /* PublicRepositoryViewController.swift in Sources */,
				4C179FBD23F9BA67008C9CD5 /* PublicRepositoryEmptyTableViewCell.swift in Sources */,
				4C179FA223F98080008C9CD5 /* UserRepository.swift in Sources */,
				4CA19271228D0CC200AD0B35 /* CustomViewController.swift in Sources */,
				4C117CF52292247300C81D9E /* CustomString.swift in Sources */,
				4CA1927A228D0F0C00AD0B35 /* CustomEncodable.swift in Sources */,
				4CA19277228D0E8900AD0B35 /* CustomColors.swift in Sources */,
				4CA19274228D0E4E00AD0B35 /* CustomData.swift in Sources */,
				4C179F9023F96F6F008C9CD5 /* Repository.swift in Sources */,
				4C179F9D23F9764F008C9CD5 /* Owner.swift in Sources */,
				4C117CF62292247600C81D9E /* CustomImageView.swift in Sources */,
				4C72C28F2296304200541456 /* CustomRepository.swift in Sources */,
				4C179FAB23F981DB008C9CD5 /* PublicRespositoryViewModel.swift in Sources */,
			);
			runOnlyForDeploymentPostprocessing = 0;
		};
/* End PBXSourcesBuildPhase section */

/* Begin PBXVariantGroup section */
		4C179FC323F9C1E2008C9CD5 /* Localizable.strings */ = {
			isa = PBXVariantGroup;
			children = (
				4C179FC423F9C1E2008C9CD5 /* pt-BR */,
			);
			name = Localizable.strings;
			sourceTree = "<group>";
		};
		4C4CE800228CDE070094DA2A /* LaunchScreen.storyboard */ = {
			isa = PBXVariantGroup;
			children = (
				4C4CE801228CDE070094DA2A /* Base */,
				4C117D0F2292321C00C81D9E /* pt-BR */,
			);
			name = LaunchScreen.storyboard;
			sourceTree = "<group>";
		};
/* End PBXVariantGroup section */

/* Begin XCBuildConfiguration section */
		4C4CE804228CDE070094DA2A /* Debug */ = {
			isa = XCBuildConfiguration;
			buildSettings = {
				ALWAYS_SEARCH_USER_PATHS = NO;
				CLANG_ANALYZER_LOCALIZABILITY_NONLOCALIZED = YES;
				CLANG_ANALYZER_NONNULL = YES;
				CLANG_ANALYZER_NUMBER_OBJECT_CONVERSION = YES_AGGRESSIVE;
				CLANG_CXX_LANGUAGE_STANDARD = "gnu++14";
				CLANG_CXX_LIBRARY = "libc++";
				CLANG_ENABLE_MODULES = YES;
				CLANG_ENABLE_OBJC_ARC = YES;
				CLANG_ENABLE_OBJC_WEAK = YES;
				CLANG_WARN_BLOCK_CAPTURE_AUTORELEASING = YES;
				CLANG_WARN_BOOL_CONVERSION = YES;
				CLANG_WARN_COMMA = YES;
				CLANG_WARN_CONSTANT_CONVERSION = YES;
				CLANG_WARN_DEPRECATED_OBJC_IMPLEMENTATIONS = YES;
				CLANG_WARN_DIRECT_OBJC_ISA_USAGE = YES_ERROR;
				CLANG_WARN_DOCUMENTATION_COMMENTS = YES;
				CLANG_WARN_EMPTY_BODY = YES;
				CLANG_WARN_ENUM_CONVERSION = YES;
				CLANG_WARN_INFINITE_RECURSION = YES;
				CLANG_WARN_INT_CONVERSION = YES;
				CLANG_WARN_NON_LITERAL_NULL_CONVERSION = YES;
				CLANG_WARN_OBJC_IMPLICIT_RETAIN_SELF = YES;
				CLANG_WARN_OBJC_LITERAL_CONVERSION = YES;
				CLANG_WARN_OBJC_ROOT_CLASS = YES_ERROR;
				CLANG_WARN_RANGE_LOOP_ANALYSIS = YES;
				CLANG_WARN_STRICT_PROTOTYPES = YES;
				CLANG_WARN_SUSPICIOUS_MOVE = YES;
				CLANG_WARN_UNGUARDED_AVAILABILITY = YES_AGGRESSIVE;
				CLANG_WARN_UNREACHABLE_CODE = YES;
				CLANG_WARN__DUPLICATE_METHOD_MATCH = YES;
				CODE_SIGN_IDENTITY = "iPhone Developer";
				COPY_PHASE_STRIP = NO;
				DEBUG_INFORMATION_FORMAT = dwarf;
				ENABLE_STRICT_OBJC_MSGSEND = YES;
				ENABLE_TESTABILITY = YES;
				GCC_C_LANGUAGE_STANDARD = gnu11;
				GCC_DYNAMIC_NO_PIC = NO;
				GCC_NO_COMMON_BLOCKS = YES;
				GCC_OPTIMIZATION_LEVEL = 0;
				GCC_PREPROCESSOR_DEFINITIONS = (
					"DEBUG=1",
					"$(inherited)",
				);
				GCC_WARN_64_TO_32_BIT_CONVERSION = YES;
				GCC_WARN_ABOUT_RETURN_TYPE = YES_ERROR;
				GCC_WARN_UNDECLARED_SELECTOR = YES;
				GCC_WARN_UNINITIALIZED_AUTOS = YES_AGGRESSIVE;
				GCC_WARN_UNUSED_FUNCTION = YES;
				GCC_WARN_UNUSED_VARIABLE = YES;
				IPHONEOS_DEPLOYMENT_TARGET = 13.2;
				MTL_ENABLE_DEBUG_INFO = INCLUDE_SOURCE;
				MTL_FAST_MATH = YES;
				ONLY_ACTIVE_ARCH = YES;
				SDKROOT = iphoneos;
				SWIFT_ACTIVE_COMPILATION_CONDITIONS = DEBUG;
				SWIFT_OPTIMIZATION_LEVEL = "-Onone";
				SWIFT_VERSION = 5.0;
			};
			name = Debug;
		};
		4C4CE805228CDE070094DA2A /* Release */ = {
			isa = XCBuildConfiguration;
			buildSettings = {
				ALWAYS_SEARCH_USER_PATHS = NO;
				CLANG_ANALYZER_LOCALIZABILITY_NONLOCALIZED = YES;
				CLANG_ANALYZER_NONNULL = YES;
				CLANG_ANALYZER_NUMBER_OBJECT_CONVERSION = YES_AGGRESSIVE;
				CLANG_CXX_LANGUAGE_STANDARD = "gnu++14";
				CLANG_CXX_LIBRARY = "libc++";
				CLANG_ENABLE_MODULES = YES;
				CLANG_ENABLE_OBJC_ARC = YES;
				CLANG_ENABLE_OBJC_WEAK = YES;
				CLANG_WARN_BLOCK_CAPTURE_AUTORELEASING = YES;
				CLANG_WARN_BOOL_CONVERSION = YES;
				CLANG_WARN_COMMA = YES;
				CLANG_WARN_CONSTANT_CONVERSION = YES;
				CLANG_WARN_DEPRECATED_OBJC_IMPLEMENTATIONS = YES;
				CLANG_WARN_DIRECT_OBJC_ISA_USAGE = YES_ERROR;
				CLANG_WARN_DOCUMENTATION_COMMENTS = YES;
				CLANG_WARN_EMPTY_BODY = YES;
				CLANG_WARN_ENUM_CONVERSION = YES;
				CLANG_WARN_INFINITE_RECURSION = YES;
				CLANG_WARN_INT_CONVERSION = YES;
				CLANG_WARN_NON_LITERAL_NULL_CONVERSION = YES;
				CLANG_WARN_OBJC_IMPLICIT_RETAIN_SELF = YES;
				CLANG_WARN_OBJC_LITERAL_CONVERSION = YES;
				CLANG_WARN_OBJC_ROOT_CLASS = YES_ERROR;
				CLANG_WARN_RANGE_LOOP_ANALYSIS = YES;
				CLANG_WARN_STRICT_PROTOTYPES = YES;
				CLANG_WARN_SUSPICIOUS_MOVE = YES;
				CLANG_WARN_UNGUARDED_AVAILABILITY = YES_AGGRESSIVE;
				CLANG_WARN_UNREACHABLE_CODE = YES;
				CLANG_WARN__DUPLICATE_METHOD_MATCH = YES;
				CODE_SIGN_IDENTITY = "iPhone Developer";
				COPY_PHASE_STRIP = NO;
				DEBUG_INFORMATION_FORMAT = "dwarf-with-dsym";
				ENABLE_NS_ASSERTIONS = NO;
				ENABLE_STRICT_OBJC_MSGSEND = YES;
				GCC_C_LANGUAGE_STANDARD = gnu11;
				GCC_NO_COMMON_BLOCKS = YES;
				GCC_WARN_64_TO_32_BIT_CONVERSION = YES;
				GCC_WARN_ABOUT_RETURN_TYPE = YES_ERROR;
				GCC_WARN_UNDECLARED_SELECTOR = YES;
				GCC_WARN_UNINITIALIZED_AUTOS = YES_AGGRESSIVE;
				GCC_WARN_UNUSED_FUNCTION = YES;
				GCC_WARN_UNUSED_VARIABLE = YES;
				IPHONEOS_DEPLOYMENT_TARGET = 13.2;
				MTL_ENABLE_DEBUG_INFO = NO;
				MTL_FAST_MATH = YES;
				SDKROOT = iphoneos;
				SWIFT_COMPILATION_MODE = wholemodule;
				SWIFT_OPTIMIZATION_LEVEL = "-O";
				SWIFT_VERSION = 5.0;
				VALIDATE_PRODUCT = YES;
			};
			name = Release;
		};
		4C4CE807228CDE070094DA2A /* Debug */ = {
			isa = XCBuildConfiguration;
			baseConfigurationReference = 8DD32B6BA066ABF2319CB234 /* Pods-Hanzo.debug.xcconfig */;
			buildSettings = {
				ASSETCATALOG_COMPILER_APPICON_NAME = AppIcon;
				CODE_SIGN_STYLE = Automatic;
				CURRENT_PROJECT_VERSION = 010000;
				DEVELOPMENT_TEAM = L39TQ3H49G;
				INFOPLIST_FILE = "Cardozo/InfoPLists/Cardozo-Info.plist";
				IPHONEOS_DEPLOYMENT_TARGET = 13.2;
				LD_RUNPATH_SEARCH_PATHS = (
					"$(inherited)",
					"@executable_path/Frameworks",
				);
				MARKETING_VERSION = 1.0.0;
				PRODUCT_BUNDLE_IDENTIFIER = com.cardozo.desafioHanzo;
				PRODUCT_NAME = "$(TARGET_NAME)";
				SWIFT_VERSION = 5.0;
				TARGETED_DEVICE_FAMILY = 1;
			};
			name = Debug;
		};
		4C4CE808228CDE070094DA2A /* Release */ = {
			isa = XCBuildConfiguration;
			baseConfigurationReference = 9C1DA7B1006AD58AC321B385 /* Pods-Hanzo.release.xcconfig */;
			buildSettings = {
				ASSETCATALOG_COMPILER_APPICON_NAME = AppIcon;
				CODE_SIGN_STYLE = Automatic;
				CURRENT_PROJECT_VERSION = 010000;
				DEVELOPMENT_TEAM = L39TQ3H49G;
				INFOPLIST_FILE = "Cardozo/InfoPLists/Cardozo-Info.plist";
				IPHONEOS_DEPLOYMENT_TARGET = 13.2;
				LD_RUNPATH_SEARCH_PATHS = (
					"$(inherited)",
					"@executable_path/Frameworks",
				);
				MARKETING_VERSION = 1.0.0;
				PRODUCT_BUNDLE_IDENTIFIER = com.cardozo.desafioHanzo;
				PRODUCT_NAME = "$(TARGET_NAME)";
				SWIFT_VERSION = 5.0;
				TARGETED_DEVICE_FAMILY = 1;
			};
			name = Release;
		};
		4C4CE813228CDEAF0094DA2A /* Debug */ = {
			isa = XCBuildConfiguration;
			baseConfigurationReference = 1F5951FD9663BA7BE63C4685 /* Pods-Hanzo-Dev.debug.xcconfig */;
			buildSettings = {
				ASSETCATALOG_COMPILER_APPICON_NAME = AppIcon;
				CODE_SIGN_STYLE = Automatic;
				CURRENT_PROJECT_VERSION = 010000;
				DEVELOPMENT_TEAM = L39TQ3H49G;
				INFOPLIST_FILE = "Cardozo/InfoPLists/Cardozo-Dev-Info.plist";
				IPHONEOS_DEPLOYMENT_TARGET = 13.2;
				LD_RUNPATH_SEARCH_PATHS = (
					"$(inherited)",
					"@executable_path/Frameworks",
				);
				MARKETING_VERSION = 1.0.0;
				PRODUCT_BUNDLE_IDENTIFIER = "com.cardozo.desafioHanzo-Dev";
				PRODUCT_NAME = "$(TARGET_NAME)";
				SWIFT_VERSION = 5.0;
				TARGETED_DEVICE_FAMILY = 1;
			};
			name = Debug;
		};
		4C4CE814228CDEAF0094DA2A /* Release */ = {
			isa = XCBuildConfiguration;
			baseConfigurationReference = BA7E985CC898C3354D6D1331 /* Pods-Hanzo-Dev.release.xcconfig */;
			buildSettings = {
				ASSETCATALOG_COMPILER_APPICON_NAME = AppIcon;
				CODE_SIGN_STYLE = Automatic;
				CURRENT_PROJECT_VERSION = 010000;
				DEVELOPMENT_TEAM = L39TQ3H49G;
				INFOPLIST_FILE = "Cardozo/InfoPLists/Cardozo-Dev-Info.plist";
				IPHONEOS_DEPLOYMENT_TARGET = 13.2;
				LD_RUNPATH_SEARCH_PATHS = (
					"$(inherited)",
					"@executable_path/Frameworks",
				);
				MARKETING_VERSION = 1.0.0;
				PRODUCT_BUNDLE_IDENTIFIER = "com.cardozo.desafioHanzo-Dev";
				PRODUCT_NAME = "$(TARGET_NAME)";
				SWIFT_VERSION = 5.0;
				TARGETED_DEVICE_FAMILY = 1;
			};
			name = Release;
		};
/* End XCBuildConfiguration section */

/* Begin XCConfigurationList section */
		4C4CE7EF228CDE050094DA2A /* Build configuration list for PBXProject "Desafio Hanzo" */ = {
			isa = XCConfigurationList;
			buildConfigurations = (
				4C4CE804228CDE070094DA2A /* Debug */,
				4C4CE805228CDE070094DA2A /* Release */,
			);
			defaultConfigurationIsVisible = 0;
			defaultConfigurationName = Release;
		};
		4C4CE806228CDE070094DA2A /* Build configuration list for PBXNativeTarget "Hanzo" */ = {
			isa = XCConfigurationList;
			buildConfigurations = (
				4C4CE807228CDE070094DA2A /* Debug */,
				4C4CE808228CDE070094DA2A /* Release */,
			);
			defaultConfigurationIsVisible = 0;
			defaultConfigurationName = Release;
		};
		4C4CE812228CDEAF0094DA2A /* Build configuration list for PBXNativeTarget "Hanzo-Dev" */ = {
			isa = XCConfigurationList;
			buildConfigurations = (
				4C4CE813228CDEAF0094DA2A /* Debug */,
				4C4CE814228CDEAF0094DA2A /* Release */,
			);
			defaultConfigurationIsVisible = 0;
			defaultConfigurationName = Release;
		};
/* End XCConfigurationList section */
	};
	rootObject = 4C4CE7EC228CDE050094DA2A /* Project object */;
}
